// !$*UTF8*$!
{
	archiveVersion = 1;
	classes = {
	};
	objectVersion = 50;
	objects = {

/* Begin PBXBuildFile section */
		7EAD1DD32360A831004887CA /* AppDelegate.swift in Sources */ = {isa = PBXBuildFile; fileRef = 7EAD1DD22360A831004887CA /* AppDelegate.swift */; };
		7EAD1DD52360A831004887CA /* ViewController.swift in Sources */ = {isa = PBXBuildFile; fileRef = 7EAD1DD42360A831004887CA /* ViewController.swift */; };
		7EAD1DD82360A831004887CA /* Main.storyboard in Resources */ = {isa = PBXBuildFile; fileRef = 7EAD1DD62360A831004887CA /* Main.storyboard */; };
		7EAD1DDA2360A832004887CA /* Assets.xcassets in Resources */ = {isa = PBXBuildFile; fileRef = 7EAD1DD92360A832004887CA /* Assets.xcassets */; };
		7EAD1DDD2360A832004887CA /* LaunchScreen.storyboard in Resources */ = {isa = PBXBuildFile; fileRef = 7EAD1DDB2360A832004887CA /* LaunchScreen.storyboard */; };
		7EAD1DE82360A832004887CA /* ScheldueTests.swift in Sources */ = {isa = PBXBuildFile; fileRef = 7EAD1DE72360A832004887CA /* ScheldueTests.swift */; };
		7EAD1DF32360A832004887CA /* ScheldueUITests.swift in Sources */ = {isa = PBXBuildFile; fileRef = 7EAD1DF22360A832004887CA /* ScheldueUITests.swift */; };
/* End PBXBuildFile section */

/* Begin PBXContainerItemProxy section */
		7EAD1DE42360A832004887CA /* PBXContainerItemProxy */ = {
			isa = PBXContainerItemProxy;
			containerPortal = 7EAD1DC72360A831004887CA /* Project object */;
			proxyType = 1;
			remoteGlobalIDString = 7EAD1DCE2360A831004887CA;
			remoteInfo = Scheldue;
		};
		7EAD1DEF2360A832004887CA /* PBXContainerItemProxy */ = {
			isa = PBXContainerItemProxy;
			containerPortal = 7EAD1DC72360A831004887CA /* Project object */;
			proxyType = 1;
			remoteGlobalIDString = 7EAD1DCE2360A831004887CA;
			remoteInfo = Scheldue;
		};
/* End PBXContainerItemProxy section */

/* Begin PBXFileReference section */
		7EAD1DCF2360A831004887CA /* Scheldue.app */ = {isa = PBXFileReference; explicitFileType = wrapper.application; includeInIndex = 0; path = Scheldue.app; sourceTree = BUILT_PRODUCTS_DIR; };
		7EAD1DD22360A831004887CA /* AppDelegate.swift */ = {isa = PBXFileReference; lastKnownFileType = sourcecode.swift; path = AppDelegate.swift; sourceTree = "<group>"; };
		7EAD1DD42360A831004887CA /* ViewController.swift */ = {isa = PBXFileReference; lastKnownFileType = sourcecode.swift; path = ViewController.swift; sourceTree = "<group>"; };
		7EAD1DD72360A831004887CA /* Base */ = {isa = PBXFileReference; lastKnownFileType = file.storyboard; name = Base; path = Base.lproj/Main.storyboard; sourceTree = "<group>"; };
		7EAD1DD92360A832004887CA /* Assets.xcassets */ = {isa = PBXFileReference; lastKnownFileType = folder.assetcatalog; path = Assets.xcassets; sourceTree = "<group>"; };
		7EAD1DDC2360A832004887CA /* Base */ = {isa = PBXFileReference; lastKnownFileType = file.storyboard; name = Base; path = Base.lproj/LaunchScreen.storyboard; sourceTree = "<group>"; };
		7EAD1DDE2360A832004887CA /* Info.plist */ = {isa = PBXFileReference; lastKnownFileType = text.plist.xml; path = Info.plist; sourceTree = "<group>"; };
		7EAD1DE32360A832004887CA /* ScheldueTests.xctest */ = {isa = PBXFileReference; explicitFileType = wrapper.cfbundle; includeInIndex = 0; path = ScheldueTests.xctest; sourceTree = BUILT_PRODUCTS_DIR; };
		7EAD1DE72360A832004887CA /* ScheldueTests.swift */ = {isa = PBXFileReference; lastKnownFileType = sourcecode.swift; path = ScheldueTests.swift; sourceTree = "<group>"; };
		7EAD1DE92360A832004887CA /* Info.plist */ = {isa = PBXFileReference; lastKnownFileType = text.plist.xml; path = Info.plist; sourceTree = "<group>"; };
		7EAD1DEE2360A832004887CA /* ScheldueUITests.xctest */ = {isa = PBXFileReference; explicitFileType = wrapper.cfbundle; includeInIndex = 0; path = ScheldueUITests.xctest; sourceTree = BUILT_PRODUCTS_DIR; };
		7EAD1DF22360A832004887CA /* ScheldueUITests.swift */ = {isa = PBXFileReference; lastKnownFileType = sourcecode.swift; path = ScheldueUITests.swift; sourceTree = "<group>"; };
		7EAD1DF42360A832004887CA /* Info.plist */ = {isa = PBXFileReference; lastKnownFileType = text.plist.xml; path = Info.plist; sourceTree = "<group>"; };
/* End PBXFileReference section */

/* Begin PBXFrameworksBuildPhase section */
		7EAD1DCC2360A831004887CA /* Frameworks */ = {
			isa = PBXFrameworksBuildPhase;
			buildActionMask = 2147483647;
			files = (
			);
			runOnlyForDeploymentPostprocessing = 0;
		};
		7EAD1DE02360A832004887CA /* Frameworks */ = {
			isa = PBXFrameworksBuildPhase;
			buildActionMask = 2147483647;
			files = (
			);
			runOnlyForDeploymentPostprocessing = 0;
		};
		7EAD1DEB2360A832004887CA /* Frameworks */ = {
			isa = PBXFrameworksBuildPhase;
			buildActionMask = 2147483647;
			files = (
			);
			runOnlyForDeploymentPostprocessing = 0;
		};
/* End PBXFrameworksBuildPhase section */

/* Begin PBXGroup section */
		7EAD1DC62360A831004887CA = {
			isa = PBXGroup;
			children = (
				7EAD1DD12360A831004887CA /* Scheldue */,
				7EAD1DE62360A832004887CA /* ScheldueTests */,
				7EAD1DF12360A832004887CA /* ScheldueUITests */,
				7EAD1DD02360A831004887CA /* Products */,
			);
			sourceTree = "<group>";
		};
		7EAD1DD02360A831004887CA /* Products */ = {
			isa = PBXGroup;
			children = (
				7EAD1DCF2360A831004887CA /* Scheldue.app */,
				7EAD1DE32360A832004887CA /* ScheldueTests.xctest */,
				7EAD1DEE2360A832004887CA /* ScheldueUITests.xctest */,
			);
			name = Products;
			sourceTree = "<group>";
		};
		7EAD1DD12360A831004887CA /* Scheldue */ = {
			isa = PBXGroup;
			children = (
				7EAD1DD22360A831004887CA /* AppDelegate.swift */,
				7EAD1DD42360A831004887CA /* ViewController.swift */,
				7EAD1DD62360A831004887CA /* Main.storyboard */,
				7EAD1DD92360A832004887CA /* Assets.xcassets */,
				7EAD1DDB2360A832004887CA /* LaunchScreen.storyboard */,
				7EAD1DDE2360A832004887CA /* Info.plist */,
			);
			path = Scheldue;
			sourceTree = "<group>";
		};
		7EAD1DE62360A832004887CA /* ScheldueTests */ = {
			isa = PBXGroup;
			children = (
				7EAD1DE72360A832004887CA /* ScheldueTests.swift */,
				7EAD1DE92360A832004887CA /* Info.plist */,
			);
			path = ScheldueTests;
			sourceTree = "<group>";
		};
		7EAD1DF12360A832004887CA /* ScheldueUITests */ = {
			isa = PBXGroup;
			children = (
				7EAD1DF22360A832004887CA /* ScheldueUITests.swift */,
				7EAD1DF42360A832004887CA /* Info.plist */,
			);
			path = ScheldueUITests;
			sourceTree = "<group>";
		};
/* End PBXGroup section */

/* Begin PBXNativeTarget section */
		7EAD1DCE2360A831004887CA /* Scheldue */ = {
			isa = PBXNativeTarget;
			buildConfigurationList = 7EAD1DF72360A832004887CA /* Build configuration list for PBXNativeTarget "Scheldue" */;
			buildPhases = (
				7EAD1DCB2360A831004887CA /* Sources */,
				7EAD1DCC2360A831004887CA /* Frameworks */,
				7EAD1DCD2360A831004887CA /* Resources */,
			);
			buildRules = (
			);
			dependencies = (
			);
			name = Scheldue;
			productName = Scheldue;
			productReference = 7EAD1DCF2360A831004887CA /* Scheldue.app */;
			productType = "com.apple.product-type.application";
		};
		7EAD1DE22360A832004887CA /* ScheldueTests */ = {
			isa = PBXNativeTarget;
			buildConfigurationList = 7EAD1DFA2360A832004887CA /* Build configuration list for PBXNativeTarget "ScheldueTests" */;
			buildPhases = (
				7EAD1DDF2360A832004887CA /* Sources */,
				7EAD1DE02360A832004887CA /* Frameworks */,
				7EAD1DE12360A832004887CA /* Resources */,
			);
			buildRules = (
			);
			dependencies = (
				7EAD1DE52360A832004887CA /* PBXTargetDependency */,
			);
			name = ScheldueTests;
			productName = ScheldueTests;
			productReference = 7EAD1DE32360A832004887CA /* ScheldueTests.xctest */;
			productType = "com.apple.product-type.bundle.unit-test";
		};
		7EAD1DED2360A832004887CA /* ScheldueUITests */ = {
			isa = PBXNativeTarget;
			buildConfigurationList = 7EAD1DFD2360A832004887CA /* Build configuration list for PBXNativeTarget "ScheldueUITests" */;
			buildPhases = (
				7EAD1DEA2360A832004887CA /* Sources */,
				7EAD1DEB2360A832004887CA /* Frameworks */,
				7EAD1DEC2360A832004887CA /* Resources */,
			);
			buildRules = (
			);
			dependencies = (
				7EAD1DF02360A832004887CA /* PBXTargetDependency */,
			);
			name = ScheldueUITests;
			productName = ScheldueUITests;
			productReference = 7EAD1DEE2360A832004887CA /* ScheldueUITests.xctest */;
			productType = "com.apple.product-type.bundle.ui-testing";
		};
/* End PBXNativeTarget section */

/* Begin PBXProject section */
		7EAD1DC72360A831004887CA /* Project object */ = {
			isa = PBXProject;
			attributes = {
				LastSwiftUpdateCheck = 1030;
				LastUpgradeCheck = 1030;
				ORGANIZATIONNAME = "Lance Davenport";
				TargetAttributes = {
					7EAD1DCE2360A831004887CA = {
						CreatedOnToolsVersion = 10.3;
					};
					7EAD1DE22360A832004887CA = {
						CreatedOnToolsVersion = 10.3;
						TestTargetID = 7EAD1DCE2360A831004887CA;
					};
					7EAD1DED2360A832004887CA = {
						CreatedOnToolsVersion = 10.3;
						TestTargetID = 7EAD1DCE2360A831004887CA;
					};
				};
			};
			buildConfigurationList = 7EAD1DCA2360A831004887CA /* Build configuration list for PBXProject "Scheldue" */;
			compatibilityVersion = "Xcode 9.3";
			developmentRegion = en;
			hasScannedForEncodings = 0;
			knownRegions = (
				en,
				Base,
			);
			mainGroup = 7EAD1DC62360A831004887CA;
			productRefGroup = 7EAD1DD02360A831004887CA /* Products */;
			projectDirPath = "";
			projectRoot = "";
			targets = (
				7EAD1DCE2360A831004887CA /* Scheldue */,
				7EAD1DE22360A832004887CA /* ScheldueTests */,
				7EAD1DED2360A832004887CA /* ScheldueUITests */,
			);
		};
/* End PBXProject section */

/* Begin PBXResourcesBuildPhase section */
		7EAD1DCD2360A831004887CA /* Resources */ = {
			isa = PBXResourcesBuildPhase;
			buildActionMask = 2147483647;
			files = (
				7EAD1DDD2360A832004887CA /* LaunchScreen.storyboard in Resources */,
				7EAD1DDA2360A832004887CA /* Assets.xcassets in Resources */,
				7EAD1DD82360A831004887CA /* Main.storyboard in Resources */,
			);
			runOnlyForDeploymentPostprocessing = 0;
		};
		7EAD1DE12360A832004887CA /* Resources */ = {
			isa = PBXResourcesBuildPhase;
			buildActionMask = 2147483647;
			files = (
			);
			runOnlyForDeploymentPostprocessing = 0;
		};
		7EAD1DEC2360A832004887CA /* Resources */ = {
			isa = PBXResourcesBuildPhase;
			buildActionMask = 2147483647;
			files = (
			);
			runOnlyForDeploymentPostprocessing = 0;
		};
/* End PBXResourcesBuildPhase section */

/* Begin PBXSourcesBuildPhase section */
		7EAD1DCB2360A831004887CA /* Sources */ = {
			isa = PBXSourcesBuildPhase;
			buildActionMask = 2147483647;
			files = (
				7EAD1DD52360A831004887CA /* ViewController.swift in Sources */,
				7EAD1DD32360A831004887CA /* AppDelegate.swift in Sources */,
			);
			runOnlyForDeploymentPostprocessing = 0;
		};
		7EAD1DDF2360A832004887CA /* Sources */ = {
			isa = PBXSourcesBuildPhase;
			buildActionMask = 2147483647;
			files = (
				7EAD1DE82360A832004887CA /* ScheldueTests.swift in Sources */,
			);
			runOnlyForDeploymentPostprocessing = 0;
		};
		7EAD1DEA2360A832004887CA /* Sources */ = {
			isa = PBXSourcesBuildPhase;
			buildActionMask = 2147483647;
			files = (
				7EAD1DF32360A832004887CA /* ScheldueUITests.swift in Sources */,
			);
			runOnlyForDeploymentPostprocessing = 0;
		};
/* End PBXSourcesBuildPhase section */

/* Begin PBXTargetDependency section */
		7EAD1DE52360A832004887CA /* PBXTargetDependency */ = {
			isa = PBXTargetDependency;
			target = 7EAD1DCE2360A831004887CA /* Scheldue */;
			targetProxy = 7EAD1DE42360A832004887CA /* PBXContainerItemProxy */;
		};
		7EAD1DF02360A832004887CA /* PBXTargetDependency */ = {
			isa = PBXTargetDependency;
			target = 7EAD1DCE2360A831004887CA /* Scheldue */;
			targetProxy = 7EAD1DEF2360A832004887CA /* PBXContainerItemProxy */;
		};
/* End PBXTargetDependency section */

/* Begin PBXVariantGroup section */
		7EAD1DD62360A831004887CA /* Main.storyboard */ = {
			isa = PBXVariantGroup;
			children = (
				7EAD1DD72360A831004887CA /* Base */,
			);
			name = Main.storyboard;
			sourceTree = "<group>";
		};
		7EAD1DDB2360A832004887CA /* LaunchScreen.storyboard */ = {
			isa = PBXVariantGroup;
			children = (
				7EAD1DDC2360A832004887CA /* Base */,
			);
			name = LaunchScreen.storyboard;
			sourceTree = "<group>";
		};
/* End PBXVariantGroup section */

/* Begin XCBuildConfiguration section */
		7EAD1DF52360A832004887CA /* Debug */ = {
			isa = XCBuildConfiguration;
			buildSettings = {
				ALWAYS_SEARCH_USER_PATHS = NO;
				CLANG_ANALYZER_NONNULL = YES;
				CLANG_ANALYZER_NUMBER_OBJECT_CONVERSION = YES_AGGRESSIVE;
				CLANG_CXX_LANGUAGE_STANDARD = "gnu++14";
				CLANG_CXX_LIBRARY = "libc++";
				CLANG_ENABLE_MODULES = YES;
				CLANG_ENABLE_OBJC_ARC = YES;
				CLANG_ENABLE_OBJC_WEAK = YES;
				CLANG_WARN_BLOCK_CAPTURE_AUTORELEASING = YES;
				CLANG_WARN_BOOL_CONVERSION = YES;
				CLANG_WARN_COMMA = YES;
				CLANG_WARN_CONSTANT_CONVERSION = YES;
				CLANG_WARN_DEPRECATED_OBJC_IMPLEMENTATIONS = YES;
				CLANG_WARN_DIRECT_OBJC_ISA_USAGE = YES_ERROR;
				CLANG_WARN_DOCUMENTATION_COMMENTS = YES;
				CLANG_WARN_EMPTY_BODY = YES;
				CLANG_WARN_ENUM_CONVERSION = YES;
				CLANG_WARN_INFINITE_RECURSION = YES;
				CLANG_WARN_INT_CONVERSION = YES;
				CLANG_WARN_NON_LITERAL_NULL_CONVERSION = YES;
				CLANG_WARN_OBJC_IMPLICIT_RETAIN_SELF = YES;
				CLANG_WARN_OBJC_LITERAL_CONVERSION = YES;
				CLANG_WARN_OBJC_ROOT_CLASS = YES_ERROR;
				CLANG_WARN_RANGE_LOOP_ANALYSIS = YES;
				CLANG_WARN_STRICT_PROTOTYPES = YES;
				CLANG_WARN_SUSPICIOUS_MOVE = YES;
				CLANG_WARN_UNGUARDED_AVAILABILITY = YES_AGGRESSIVE;
				CLANG_WARN_UNREACHABLE_CODE = YES;
				CLANG_WARN__DUPLICATE_METHOD_MATCH = YES;
				CODE_SIGN_IDENTITY = "iPhone Developer";
				COPY_PHASE_STRIP = NO;
				DEBUG_INFORMATION_FORMAT = dwarf;
				ENABLE_STRICT_OBJC_MSGSEND = YES;
				ENABLE_TESTABILITY = YES;
				GCC_C_LANGUAGE_STANDARD = gnu11;
				GCC_DYNAMIC_NO_PIC = NO;
				GCC_NO_COMMON_BLOCKS = YES;
				GCC_OPTIMIZATION_LEVEL = 0;
				GCC_PREPROCESSOR_DEFINITIONS = (
					"DEBUG=1",
					"$(inherited)",
				);
				GCC_WARN_64_TO_32_BIT_CONVERSION = YES;
				GCC_WARN_ABOUT_RETURN_TYPE = YES_ERROR;
				GCC_WARN_UNDECLARED_SELECTOR = YES;
				GCC_WARN_UNINITIALIZED_AUTOS = YES_AGGRESSIVE;
				GCC_WARN_UNUSED_FUNCTION = YES;
				GCC_WARN_UNUSED_VARIABLE = YES;
				IPHONEOS_DEPLOYMENT_TARGET = 12.4;
				MTL_ENABLE_DEBUG_INFO = INCLUDE_SOURCE;
				MTL_FAST_MATH = YES;
				ONLY_ACTIVE_ARCH = YES;
				SDKROOT = iphoneos;
				SWIFT_ACTIVE_COMPILATION_CONDITIONS = DEBUG;
				SWIFT_OPTIMIZATION_LEVEL = "-Onone";
			};
			name = Debug;
		};
		7EAD1DF62360A832004887CA /* Release */ = {
			isa = XCBuildConfiguration;
			buildSettings = {
				ALWAYS_SEARCH_USER_PATHS = NO;
				CLANG_ANALYZER_NONNULL = YES;
				CLANG_ANALYZER_NUMBER_OBJECT_CONVERSION = YES_AGGRESSIVE;
				CLANG_CXX_LANGUAGE_STANDARD = "gnu++14";
				CLANG_CXX_LIBRARY = "libc++";
				CLANG_ENABLE_MODULES = YES;
				CLANG_ENABLE_OBJC_ARC = YES;
				CLANG_ENABLE_OBJC_WEAK = YES;
				CLANG_WARN_BLOCK_CAPTURE_AUTORELEASING = YES;
				CLANG_WARN_BOOL_CONVERSION = YES;
				CLANG_WARN_COMMA = YES;
				CLANG_WARN_CONSTANT_CONVERSION = YES;
				CLANG_WARN_DEPRECATED_OBJC_IMPLEMENTATIONS = YES;
				CLANG_WARN_DIRECT_OBJC_ISA_USAGE = YES_ERROR;
				CLANG_WARN_DOCUMENTATION_COMMENTS = YES;
				CLANG_WARN_EMPTY_BODY = YES;
				CLANG_WARN_ENUM_CONVERSION = YES;
				CLANG_WARN_INFINITE_RECURSION = YES;
				CLANG_WARN_INT_CONVERSION = YES;
				CLANG_WARN_NON_LITERAL_NULL_CONVERSION = YES;
				CLANG_WARN_OBJC_IMPLICIT_RETAIN_SELF = YES;
				CLANG_WARN_OBJC_LITERAL_CONVERSION = YES;
				CLANG_WARN_OBJC_ROOT_CLASS = YES_ERROR;
				CLANG_WARN_RANGE_LOOP_ANALYSIS = YES;
				CLANG_WARN_STRICT_PROTOTYPES = YES;
				CLANG_WARN_SUSPICIOUS_MOVE = YES;
				CLANG_WARN_UNGUARDED_AVAILABILITY = YES_AGGRESSIVE;
				CLANG_WARN_UNREACHABLE_CODE = YES;
				CLANG_WARN__DUPLICATE_METHOD_MATCH = YES;
				CODE_SIGN_IDENTITY = "iPhone Developer";
				COPY_PHASE_STRIP = NO;
				DEBUG_INFORMATION_FORMAT = "dwarf-with-dsym";
				ENABLE_NS_ASSERTIONS = NO;
				ENABLE_STRICT_OBJC_MSGSEND = YES;
				GCC_C_LANGUAGE_STANDARD = gnu11;
				GCC_NO_COMMON_BLOCKS = YES;
				GCC_WARN_64_TO_32_BIT_CONVERSION = YES;
				GCC_WARN_ABOUT_RETURN_TYPE = YES_ERROR;
				GCC_WARN_UNDECLARED_SELECTOR = YES;
				GCC_WARN_UNINITIALIZED_AUTOS = YES_AGGRESSIVE;
				GCC_WARN_UNUSED_FUNCTION = YES;
				GCC_WARN_UNUSED_VARIABLE = YES;
				IPHONEOS_DEPLOYMENT_TARGET = 12.4;
				MTL_ENABLE_DEBUG_INFO = NO;
				MTL_FAST_MATH = YES;
				SDKROOT = iphoneos;
				SWIFT_COMPILATION_MODE = wholemodule;
				SWIFT_OPTIMIZATION_LEVEL = "-O";
				VALIDATE_PRODUCT = YES;
			};
			name = Release;
		};
		7EAD1DF82360A832004887CA /* Debug */ = {
			isa = XCBuildConfiguration;
			buildSettings = {
				ASSETCATALOG_COMPILER_APPICON_NAME = AppIcon;
				CODE_SIGN_STYLE = Automatic;
				DEVELOPMENT_TEAM = PZ3J2U5B29;
				INFOPLIST_FILE = Scheldue/Info.plist;
				LD_RUNPATH_SEARCH_PATHS = (
					"$(inherited)",
					"@executable_path/Frameworks",
				);
				PRODUCT_BUNDLE_IDENTIFIER = com.LanceDavenport.Scheldue;
				PRODUCT_NAME = "$(TARGET_NAME)";
				SWIFT_VERSION = 5.0;
				TARGETED_DEVICE_FAMILY = "1,2";
			};
			name = Debug;
		};
		7EAD1DF92360A832004887CA /* Release */ = {
			isa = XCBuildConfiguration;
			buildSettings = {
				ASSETCATALOG_COMPILER_APPICON_NAME = AppIcon;
				CODE_SIGN_STYLE = Automatic;
				DEVELOPMENT_TEAM = PZ3J2U5B29;
				INFOPLIST_FILE = Scheldue/Info.plist;
				LD_RUNPATH_SEARCH_PATHS = (
					"$(inherited)",
					"@executable_path/Frameworks",
				);
				PRODUCT_BUNDLE_IDENTIFIER = com.LanceDavenport.Scheldue;
				PRODUCT_NAME = "$(TARGET_NAME)";
				SWIFT_VERSION = 5.0;
				TARGETED_DEVICE_FAMILY = "1,2";
			};
			name = Release;
		};
		7EAD1DFB2360A832004887CA /* Debug */ = {
			isa = XCBuildConfiguration;
			buildSettings = {
				ALWAYS_EMBED_SWIFT_STANDARD_LIBRARIES = YES;
				BUNDLE_LOADER = "$(TEST_HOST)";
				CODE_SIGN_STYLE = Automatic;
				DEVELOPMENT_TEAM = PZ3J2U5B29;
				INFOPLIST_FILE = ScheldueTests/Info.plist;
				LD_RUNPATH_SEARCH_PATHS = (
					"$(inherited)",
					"@executable_path/Frameworks",
					"@loader_path/Frameworks",
				);
				PRODUCT_BUNDLE_IDENTIFIER = com.LanceDavenport.ScheldueTests;
				PRODUCT_NAME = "$(TARGET_NAME)";
				SWIFT_VERSION = 5.0;
				TARGETED_DEVICE_FAMILY = "1,2";
				TEST_HOST = "$(BUILT_PRODUCTS_DIR)/Scheldue.app/Scheldue";
			};
			name = Debug;
		};
		7EAD1DFC2360A832004887CA /* Release */ = {
			isa = XCBuildConfiguration;
			buildSettings = {
				ALWAYS_EMBED_SWIFT_STANDARD_LIBRARIES = YES;
				BUNDLE_LOADER = "$(TEST_HOST)";
				CODE_SIGN_STYLE = Automatic;
				DEVELOPMENT_TEAM = PZ3J2U5B29;
				INFOPLIST_FILE = ScheldueTests/Info.plist;
				LD_RUNPATH_SEARCH_PATHS = (
					"$(inherited)",
					"@executable_path/Frameworks",
					"@loader_path/Frameworks",
				);
				PRODUCT_BUNDLE_IDENTIFIER = com.LanceDavenport.ScheldueTests;
				PRODUCT_NAME = "$(TARGET_NAME)";
				SWIFT_VERSION = 5.0;
				TARGETED_DEVICE_FAMILY = "1,2";
				TEST_HOST = "$(BUILT_PRODUCTS_DIR)/Scheldue.app/Scheldue";
			};
			name = Release;
		};
		7EAD1DFE2360A832004887CA /* Debug */ = {
			isa = XCBuildConfiguration;
			buildSettings = {
				ALWAYS_EMBED_SWIFT_STANDARD_LIBRARIES = YES;
				CODE_SIGN_STYLE = Automatic;
				DEVELOPMENT_TEAM = PZ3J2U5B29;
				INFOPLIST_FILE = ScheldueUITests/Info.plist;
				LD_RUNPATH_SEARCH_PATHS = (
					"$(inherited)",
					"@executable_path/Frameworks",
					"@loader_path/Frameworks",
				);
				PRODUCT_BUNDLE_IDENTIFIER = com.LanceDavenport.ScheldueUITests;
				PRODUCT_NAME = "$(TARGET_NAME)";
				SWIFT_VERSION = 5.0;
				TARGETED_DEVICE_FAMILY = "1,2";
				TEST_TARGET_NAME = Scheldue;
			};
			name = Debug;
		};
		7EAD1DFF2360A832004887CA /* Release */ = {
			isa = XCBuildConfiguration;
			buildSettings = {
				ALWAYS_EMBED_SWIFT_STANDARD_LIBRARIES = YES;
				CODE_SIGN_STYLE = Automatic;
				DEVELOPMENT_TEAM = PZ3J2U5B29;
				INFOPLIST_FILE = ScheldueUITests/Info.plist;
				LD_RUNPATH_SEARCH_PATHS = (
					"$(inherited)",
					"@executable_path/Frameworks",
					"@loader_path/Frameworks",
				);
				PRODUCT_BUNDLE_IDENTIFIER = com.LanceDavenport.ScheldueUITests;
				PRODUCT_NAME = "$(TARGET_NAME)";
				SWIFT_VERSION = 5.0;
				TARGETED_DEVICE_FAMILY = "1,2";
				TEST_TARGET_NAME = Scheldue;
			};
			name = Release;
		};
/* End XCBuildConfiguration section */

/* Begin XCConfigurationList section */
		7EAD1DCA2360A831004887CA /* Build configuration list for PBXProject "Scheldue" */ = {
			isa = XCConfigurationList;
			buildConfigurations = (
				7EAD1DF52360A832004887CA /* Debug */,
				7EAD1DF62360A832004887CA /* Release */,
			);
			defaultConfigurationIsVisible = 0;
			defaultConfigurationName = Release;
		};
		7EAD1DF72360A832004887CA /* Build configuration list for PBXNativeTarget "Scheldue" */ = {
			isa = XCConfigurationList;
			buildConfigurations = (
				7EAD1DF82360A832004887CA /* Debug */,
				7EAD1DF92360A832004887CA /* Release */,
			);
			defaultConfigurationIsVisible = 0;
			defaultConfigurationName = Release;
		};
		7EAD1DFA2360A832004887CA /* Build configuration list for PBXNativeTarget "ScheldueTests" */ = {
			isa = XCConfigurationList;
			buildConfigurations = (
				7EAD1DFB2360A832004887CA /* Debug */,
				7EAD1DFC2360A832004887CA /* Release */,
			);
			defaultConfigurationIsVisible = 0;
			defaultConfigurationName = Release;
		};
		7EAD1DFD2360A832004887CA /* Build configuration list for PBXNativeTarget "ScheldueUITests" */ = {
			isa = XCConfigurationList;
			buildConfigurations = (
				7EAD1DFE2360A832004887CA /* Debug */,
				7EAD1DFF2360A832004887CA /* Release */,
			);
			defaultConfigurationIsVisible = 0;
			defaultConfigurationName = Release;
		};
/* End XCConfigurationList section */
	};
	rootObject = 7EAD1DC72360A831004887CA /* Project object */;
}
